// !$*UTF8*$!
{
	archiveVersion = 1;
	classes = {
	};
	objectVersion = 50;
	objects = {

/* Begin PBXBuildFile section */
		3858D4DD23A5636100341EDD /* AppDelegate.swift in Sources */ = {isa = PBXBuildFile; fileRef = 3858D4DC23A5636100341EDD /* AppDelegate.swift */; };
		3858D4E423A5636100341EDD /* Main.storyboard in Resources */ = {isa = PBXBuildFile; fileRef = 3858D4E223A5636100341EDD /* Main.storyboard */; };
		3858D4E623A5636300341EDD /* Assets.xcassets in Resources */ = {isa = PBXBuildFile; fileRef = 3858D4E523A5636300341EDD /* Assets.xcassets */; };
		3858D4E923A5636300341EDD /* LaunchScreen.storyboard in Resources */ = {isa = PBXBuildFile; fileRef = 3858D4E723A5636300341EDD /* LaunchScreen.storyboard */; };
		38D1930E23A930730078F1C2 /* ViewController.swift in Sources */ = {isa = PBXBuildFile; fileRef = 38D1930D23A930730078F1C2 /* ViewController.swift */; };
		DC1CD1EE23FB24AE00946654 /* JSON.json in Resources */ = {isa = PBXBuildFile; fileRef = DC1CD1ED23FB24AE00946654 /* JSON.json */; };
		DC1CD1F123FB2B4C00946654 /* MapKit.framework in Frameworks */ = {isa = PBXBuildFile; fileRef = DC1CD1F023FB2B4C00946654 /* MapKit.framework */; };
		DC1CD1F323FB32FA00946654 /* wwoConditionCodes.txt in Resources */ = {isa = PBXBuildFile; fileRef = DC1CD1F223FB32FA00946654 /* wwoConditionCodes.txt */; };
		DC1CD1F523FB350B00946654 /* Multilingual_Weather_Conditions.csv in Resources */ = {isa = PBXBuildFile; fileRef = DC1CD1F423FB350B00946654 /* Multilingual_Weather_Conditions.csv */; };
		DC3253CA23E38A0D00D23A3A /* SceneDelegate.swift in Sources */ = {isa = PBXBuildFile; fileRef = DC3253C923E38A0D00D23A3A /* SceneDelegate.swift */; };
		DC3C46C623E4BEBB0059FDA8 /* UIlabel+style.swift in Sources */ = {isa = PBXBuildFile; fileRef = DC3C46C123E4BEBA0059FDA8 /* UIlabel+style.swift */; };
		DC3C46C823E4BEBB0059FDA8 /* FontColor.swift in Sources */ = {isa = PBXBuildFile; fileRef = DC3C46C323E4BEBB0059FDA8 /* FontColor.swift */; };
		DC3C46C923E4BEBB0059FDA8 /* FontStyle.swift in Sources */ = {isa = PBXBuildFile; fileRef = DC3C46C423E4BEBB0059FDA8 /* FontStyle.swift */; };
		DC3C46CA23E4BEBB0059FDA8 /* Font.swift in Sources */ = {isa = PBXBuildFile; fileRef = DC3C46C523E4BEBB0059FDA8 /* Font.swift */; };
		DC3C46CC23E4C7580059FDA8 /* SearchMenuViewController.swift in Sources */ = {isa = PBXBuildFile; fileRef = DC3C46CB23E4C7580059FDA8 /* SearchMenuViewController.swift */; };
		DC3E5D9C23F069460053EAD0 /* Icons.swift in Sources */ = {isa = PBXBuildFile; fileRef = DC3E5D9B23F069450053EAD0 /* Icons.swift */; };
		DC52C71223EB55A400E1FCF9 /* BackgroundImages.swift in Sources */ = {isa = PBXBuildFile; fileRef = DC52C71123EB55A400E1FCF9 /* BackgroundImages.swift */; };
		DC98C68723F083A200EBE718 /* SearchView.swift in Sources */ = {isa = PBXBuildFile; fileRef = DC98C68623F083A200EBE718 /* SearchView.swift */; };
		DCB3ABB523F9D62400BAE709 /* UserDefaults.swift in Sources */ = {isa = PBXBuildFile; fileRef = DCB3ABB423F9D62400BAE709 /* UserDefaults.swift */; };
/* End PBXBuildFile section */

/* Begin PBXFileReference section */
		3858D4D923A5636100341EDD /* WeatherApp.app */ = {isa = PBXFileReference; explicitFileType = wrapper.application; includeInIndex = 0; path = WeatherApp.app; sourceTree = BUILT_PRODUCTS_DIR; };
		3858D4DC23A5636100341EDD /* AppDelegate.swift */ = {isa = PBXFileReference; lastKnownFileType = sourcecode.swift; path = AppDelegate.swift; sourceTree = "<group>"; };
		3858D4E323A5636100341EDD /* Base */ = {isa = PBXFileReference; lastKnownFileType = file.storyboard; name = Base; path = Base.lproj/Main.storyboard; sourceTree = "<group>"; };
		3858D4E523A5636300341EDD /* Assets.xcassets */ = {isa = PBXFileReference; lastKnownFileType = folder.assetcatalog; path = Assets.xcassets; sourceTree = "<group>"; };
		3858D4E823A5636300341EDD /* Base */ = {isa = PBXFileReference; lastKnownFileType = file.storyboard; name = Base; path = Base.lproj/LaunchScreen.storyboard; sourceTree = "<group>"; };
		3858D4EA23A5636300341EDD /* Info.plist */ = {isa = PBXFileReference; lastKnownFileType = text.plist.xml; path = Info.plist; sourceTree = "<group>"; };
		38D1930D23A930730078F1C2 /* ViewController.swift */ = {isa = PBXFileReference; lastKnownFileType = sourcecode.swift; path = ViewController.swift; sourceTree = "<group>"; };
		DC1CD1ED23FB24AE00946654 /* JSON.json */ = {isa = PBXFileReference; lastKnownFileType = text.json; path = JSON.json; sourceTree = "<group>"; };
		DC1CD1F023FB2B4C00946654 /* MapKit.framework */ = {isa = PBXFileReference; lastKnownFileType = wrapper.framework; name = MapKit.framework; path = System/Library/Frameworks/MapKit.framework; sourceTree = SDKROOT; };
		DC1CD1F223FB32FA00946654 /* wwoConditionCodes.txt */ = {isa = PBXFileReference; fileEncoding = 4; lastKnownFileType = text; name = wwoConditionCodes.txt; path = "weather-codes/wwoConditionCodes.txt"; sourceTree = "<group>"; };
		DC1CD1F423FB350B00946654 /* Multilingual_Weather_Conditions.csv */ = {isa = PBXFileReference; fileEncoding = 4; lastKnownFileType = text; name = Multilingual_Weather_Conditions.csv; path = "weather-codes/Multilingual_Weather_Conditions.csv"; sourceTree = "<group>"; };
		DC3253C923E38A0D00D23A3A /* SceneDelegate.swift */ = {isa = PBXFileReference; lastKnownFileType = sourcecode.swift; path = SceneDelegate.swift; sourceTree = "<group>"; };
		DC3C46C123E4BEBA0059FDA8 /* UIlabel+style.swift */ = {isa = PBXFileReference; fileEncoding = 4; lastKnownFileType = sourcecode.swift; path = "UIlabel+style.swift"; sourceTree = "<group>"; };
		DC3C46C323E4BEBB0059FDA8 /* FontColor.swift */ = {isa = PBXFileReference; fileEncoding = 4; lastKnownFileType = sourcecode.swift; path = FontColor.swift; sourceTree = "<group>"; };
		DC3C46C423E4BEBB0059FDA8 /* FontStyle.swift */ = {isa = PBXFileReference; fileEncoding = 4; lastKnownFileType = sourcecode.swift; path = FontStyle.swift; sourceTree = "<group>"; };
		DC3C46C523E4BEBB0059FDA8 /* Font.swift */ = {isa = PBXFileReference; fileEncoding = 4; lastKnownFileType = sourcecode.swift; path = Font.swift; sourceTree = "<group>"; };
		DC3C46CB23E4C7580059FDA8 /* SearchMenuViewController.swift */ = {isa = PBXFileReference; lastKnownFileType = sourcecode.swift; path = SearchMenuViewController.swift; sourceTree = "<group>"; };
		DC3E5D9B23F069450053EAD0 /* Icons.swift */ = {isa = PBXFileReference; fileEncoding = 4; lastKnownFileType = sourcecode.swift; path = Icons.swift; sourceTree = "<group>"; };
		DC52C71123EB55A400E1FCF9 /* BackgroundImages.swift */ = {isa = PBXFileReference; lastKnownFileType = sourcecode.swift; path = BackgroundImages.swift; sourceTree = "<group>"; };
		DC98C68623F083A200EBE718 /* SearchView.swift */ = {isa = PBXFileReference; fileEncoding = 4; lastKnownFileType = sourcecode.swift; path = SearchView.swift; sourceTree = "<group>"; };
		DCB3ABB423F9D62400BAE709 /* UserDefaults.swift */ = {isa = PBXFileReference; lastKnownFileType = sourcecode.swift; path = UserDefaults.swift; sourceTree = "<group>"; };
/* End PBXFileReference section */

/* Begin PBXFrameworksBuildPhase section */
		3858D4D623A5636100341EDD /* Frameworks */ = {
			isa = PBXFrameworksBuildPhase;
			buildActionMask = 2147483647;
			files = (
				DC1CD1F123FB2B4C00946654 /* MapKit.framework in Frameworks */,
			);
			runOnlyForDeploymentPostprocessing = 0;
		};
/* End PBXFrameworksBuildPhase section */

/* Begin PBXGroup section */
		3858D4D023A5636100341EDD = {
			isa = PBXGroup;
			children = (
				DC1CD1F223FB32FA00946654 /* wwoConditionCodes.txt */,
				DC1CD1F423FB350B00946654 /* Multilingual_Weather_Conditions.csv */,
				3858D4DB23A5636100341EDD /* WeatherApp */,
				3858D4DA23A5636100341EDD /* Products */,
				DC1CD1EF23FB2B4C00946654 /* Frameworks */,
			);
			sourceTree = "<group>";
		};
		3858D4DA23A5636100341EDD /* Products */ = {
			isa = PBXGroup;
			children = (
				3858D4D923A5636100341EDD /* WeatherApp.app */,
			);
			name = Products;
			sourceTree = "<group>";
		};
		3858D4DB23A5636100341EDD /* WeatherApp */ = {
			isa = PBXGroup;
			children = (
				DC1CD1EC23FB249B00946654 /* JSON */,
				DCB3ABB323F9D60D00BAE709 /* Data */,
				3858D4E223A5636100341EDD /* Main.storyboard */,
				3858D4E723A5636300341EDD /* LaunchScreen.storyboard */,
				38D1930C23A9304B0078F1C2 /* view */,
				3858D4F423A5676600341EDD /* Extra */,
				3858D4F323A5675F00341EDD /* Extensions */,
				3858D4F023A5674000341EDD /* Controller */,
				3858D4EA23A5636300341EDD /* Info.plist */,
			);
			path = WeatherApp;
			sourceTree = "<group>";
		};
		3858D4F023A5674000341EDD /* Controller */ = {
			isa = PBXGroup;
			children = (
				3858D4DC23A5636100341EDD /* AppDelegate.swift */,
				DC3253C923E38A0D00D23A3A /* SceneDelegate.swift */,
			);
			path = Controller;
			sourceTree = "<group>";
		};
		3858D4F323A5675F00341EDD /* Extensions */ = {
			isa = PBXGroup;
			children = (
				DC3E5D9B23F069450053EAD0 /* Icons.swift */,
				DC52C71123EB55A400E1FCF9 /* BackgroundImages.swift */,
				DC3C46C323E4BEBB0059FDA8 /* FontColor.swift */,
				DC3C46C423E4BEBB0059FDA8 /* FontStyle.swift */,
				DC3C46C523E4BEBB0059FDA8 /* Font.swift */,
				DC3C46C123E4BEBA0059FDA8 /* UIlabel+style.swift */,
			);
			path = Extensions;
			sourceTree = "<group>";
		};
		3858D4F423A5676600341EDD /* Extra */ = {
			isa = PBXGroup;
			children = (
				3858D4E523A5636300341EDD /* Assets.xcassets */,
			);
			path = Extra;
			sourceTree = "<group>";
		};
		38D1930C23A9304B0078F1C2 /* view */ = {
			isa = PBXGroup;
			children = (
				DC98C68623F083A200EBE718 /* SearchView.swift */,
				38D1930D23A930730078F1C2 /* ViewController.swift */,
				DC3C46CB23E4C7580059FDA8 /* SearchMenuViewController.swift */,
			);
			path = view;
			sourceTree = "<group>";
		};
		DC1CD1EC23FB249B00946654 /* JSON */ = {
			isa = PBXGroup;
			children = (
				DC1CD1ED23FB24AE00946654 /* JSON.json */,
			);
			path = JSON;
			sourceTree = "<group>";
		};
		DC1CD1EF23FB2B4C00946654 /* Frameworks */ = {
			isa = PBXGroup;
			children = (
				DC1CD1F023FB2B4C00946654 /* MapKit.framework */,
			);
			name = Frameworks;
			sourceTree = "<group>";
		};
		DCB3ABB323F9D60D00BAE709 /* Data */ = {
			isa = PBXGroup;
			children = (
				DCB3ABB423F9D62400BAE709 /* UserDefaults.swift */,
			);
			path = Data;
			sourceTree = "<group>";
		};
/* End PBXGroup section */

/* Begin PBXNativeTarget section */
		3858D4D823A5636100341EDD /* WeatherApp */ = {
			isa = PBXNativeTarget;
			buildConfigurationList = 3858D4ED23A5636300341EDD /* Build configuration list for PBXNativeTarget "WeatherApp" */;
			buildPhases = (
				3858D4D523A5636100341EDD /* Sources */,
				3858D4D623A5636100341EDD /* Frameworks */,
				3858D4D723A5636100341EDD /* Resources */,
			);
			buildRules = (
			);
			dependencies = (
			);
			name = WeatherApp;
			productName = WeatherApp;
			productReference = 3858D4D923A5636100341EDD /* WeatherApp.app */;
			productType = "com.apple.product-type.application";
		};
/* End PBXNativeTarget section */

/* Begin PBXProject section */
		3858D4D123A5636100341EDD /* Project object */ = {
			isa = PBXProject;
			attributes = {
				LastSwiftUpdateCheck = 1110;
				LastUpgradeCheck = 1110;
				ORGANIZATIONNAME = DrEMartstud;
				TargetAttributes = {
					3858D4D823A5636100341EDD = {
						CreatedOnToolsVersion = 11.1;
					};
				};
			};
			buildConfigurationList = 3858D4D423A5636100341EDD /* Build configuration list for PBXProject "WeatherApp" */;
			compatibilityVersion = "Xcode 9.3";
			developmentRegion = en;
			hasScannedForEncodings = 0;
			knownRegions = (
				en,
				Base,
			);
			mainGroup = 3858D4D023A5636100341EDD;
			productRefGroup = 3858D4DA23A5636100341EDD /* Products */;
			projectDirPath = "";
			projectRoot = "";
			targets = (
				3858D4D823A5636100341EDD /* WeatherApp */,
			);
		};
/* End PBXProject section */

/* Begin PBXResourcesBuildPhase section */
		3858D4D723A5636100341EDD /* Resources */ = {
			isa = PBXResourcesBuildPhase;
			buildActionMask = 2147483647;
			files = (
				3858D4E923A5636300341EDD /* LaunchScreen.storyboard in Resources */,
				DC1CD1F323FB32FA00946654 /* wwoConditionCodes.txt in Resources */,
				3858D4E623A5636300341EDD /* Assets.xcassets in Resources */,
				3858D4E423A5636100341EDD /* Main.storyboard in Resources */,
				DC1CD1F523FB350B00946654 /* Multilingual_Weather_Conditions.csv in Resources */,
				DC1CD1EE23FB24AE00946654 /* JSON.json in Resources */,
			);
			runOnlyForDeploymentPostprocessing = 0;
		};
/* End PBXResourcesBuildPhase section */

/* Begin PBXSourcesBuildPhase section */
		3858D4D523A5636100341EDD /* Sources */ = {
			isa = PBXSourcesBuildPhase;
			buildActionMask = 2147483647;
			files = (
				DC3253CA23E38A0D00D23A3A /* SceneDelegate.swift in Sources */,
				DC3C46CA23E4BEBB0059FDA8 /* Font.swift in Sources */,
				38D1930E23A930730078F1C2 /* ViewController.swift in Sources */,
				DC52C71223EB55A400E1FCF9 /* BackgroundImages.swift in Sources */,
				3858D4DD23A5636100341EDD /* AppDelegate.swift in Sources */,
				DC3E5D9C23F069460053EAD0 /* Icons.swift in Sources */,
				DC3C46C923E4BEBB0059FDA8 /* FontStyle.swift in Sources */,
				DC3C46C823E4BEBB0059FDA8 /* FontColor.swift in Sources */,
				DCB3ABB523F9D62400BAE709 /* UserDefaults.swift in Sources */,
				DC3C46CC23E4C7580059FDA8 /* SearchMenuViewController.swift in Sources */,
				DC3C46C623E4BEBB0059FDA8 /* UIlabel+style.swift in Sources */,
				DC98C68723F083A200EBE718 /* SearchView.swift in Sources */,
			);
			runOnlyForDeploymentPostprocessing = 0;
		};
/* End PBXSourcesBuildPhase section */

/* Begin PBXVariantGroup section */
		3858D4E223A5636100341EDD /* Main.storyboard */ = {
			isa = PBXVariantGroup;
			children = (
				3858D4E323A5636100341EDD /* Base */,
			);
			name = Main.storyboard;
			sourceTree = "<group>";
		};
		3858D4E723A5636300341EDD /* LaunchScreen.storyboard */ = {
			isa = PBXVariantGroup;
			children = (
				3858D4E823A5636300341EDD /* Base */,
			);
			name = LaunchScreen.storyboard;
			sourceTree = "<group>";
		};
/* End PBXVariantGroup section */

/* Begin XCBuildConfiguration section */
		3858D4EB23A5636300341EDD /* Debug */ = {
			isa = XCBuildConfiguration;
			buildSettings = {
				ALWAYS_SEARCH_USER_PATHS = NO;
				CLANG_ANALYZER_NONNULL = YES;
				CLANG_ANALYZER_NUMBER_OBJECT_CONVERSION = YES_AGGRESSIVE;
				CLANG_CXX_LANGUAGE_STANDARD = "gnu++14";
				CLANG_CXX_LIBRARY = "libc++";
				CLANG_ENABLE_MODULES = YES;
				CLANG_ENABLE_OBJC_ARC = YES;
				CLANG_ENABLE_OBJC_WEAK = YES;
				CLANG_WARN_BLOCK_CAPTURE_AUTORELEASING = YES;
				CLANG_WARN_BOOL_CONVERSION = YES;
				CLANG_WARN_COMMA = YES;
				CLANG_WARN_CONSTANT_CONVERSION = YES;
				CLANG_WARN_DEPRECATED_OBJC_IMPLEMENTATIONS = YES;
				CLANG_WARN_DIRECT_OBJC_ISA_USAGE = YES_ERROR;
				CLANG_WARN_DOCUMENTATION_COMMENTS = YES;
				CLANG_WARN_EMPTY_BODY = YES;
				CLANG_WARN_ENUM_CONVERSION = YES;
				CLANG_WARN_INFINITE_RECURSION = YES;
				CLANG_WARN_INT_CONVERSION = YES;
				CLANG_WARN_NON_LITERAL_NULL_CONVERSION = YES;
				CLANG_WARN_OBJC_IMPLICIT_RETAIN_SELF = YES;
				CLANG_WARN_OBJC_LITERAL_CONVERSION = YES;
				CLANG_WARN_OBJC_ROOT_CLASS = YES_ERROR;
				CLANG_WARN_RANGE_LOOP_ANALYSIS = YES;
				CLANG_WARN_STRICT_PROTOTYPES = YES;
				CLANG_WARN_SUSPICIOUS_MOVE = YES;
				CLANG_WARN_UNGUARDED_AVAILABILITY = YES_AGGRESSIVE;
				CLANG_WARN_UNREACHABLE_CODE = YES;
				CLANG_WARN__DUPLICATE_METHOD_MATCH = YES;
				COPY_PHASE_STRIP = NO;
				DEBUG_INFORMATION_FORMAT = dwarf;
				ENABLE_STRICT_OBJC_MSGSEND = YES;
				ENABLE_TESTABILITY = YES;
				GCC_C_LANGUAGE_STANDARD = gnu11;
				GCC_DYNAMIC_NO_PIC = NO;
				GCC_NO_COMMON_BLOCKS = YES;
				GCC_OPTIMIZATION_LEVEL = 0;
				GCC_PREPROCESSOR_DEFINITIONS = (
					"DEBUG=1",
					"$(inherited)",
				);
				GCC_WARN_64_TO_32_BIT_CONVERSION = YES;
				GCC_WARN_ABOUT_RETURN_TYPE = YES_ERROR;
				GCC_WARN_UNDECLARED_SELECTOR = YES;
				GCC_WARN_UNINITIALIZED_AUTOS = YES_AGGRESSIVE;
				GCC_WARN_UNUSED_FUNCTION = YES;
				GCC_WARN_UNUSED_VARIABLE = YES;
				IPHONEOS_DEPLOYMENT_TARGET = 13.1;
				MTL_ENABLE_DEBUG_INFO = INCLUDE_SOURCE;
				MTL_FAST_MATH = YES;
				ONLY_ACTIVE_ARCH = YES;
				SDKROOT = iphoneos;
				SWIFT_ACTIVE_COMPILATION_CONDITIONS = DEBUG;
				SWIFT_OPTIMIZATION_LEVEL = "-Onone";
			};
			name = Debug;
		};
		3858D4EC23A5636300341EDD /* Release */ = {
			isa = XCBuildConfiguration;
			buildSettings = {
				ALWAYS_SEARCH_USER_PATHS = NO;
				CLANG_ANALYZER_NONNULL = YES;
				CLANG_ANALYZER_NUMBER_OBJECT_CONVERSION = YES_AGGRESSIVE;
				CLANG_CXX_LANGUAGE_STANDARD = "gnu++14";
				CLANG_CXX_LIBRARY = "libc++";
				CLANG_ENABLE_MODULES = YES;
				CLANG_ENABLE_OBJC_ARC = YES;
				CLANG_ENABLE_OBJC_WEAK = YES;
				CLANG_WARN_BLOCK_CAPTURE_AUTORELEASING = YES;
				CLANG_WARN_BOOL_CONVERSION = YES;
				CLANG_WARN_COMMA = YES;
				CLANG_WARN_CONSTANT_CONVERSION = YES;
				CLANG_WARN_DEPRECATED_OBJC_IMPLEMENTATIONS = YES;
				CLANG_WARN_DIRECT_OBJC_ISA_USAGE = YES_ERROR;
				CLANG_WARN_DOCUMENTATION_COMMENTS = YES;
				CLANG_WARN_EMPTY_BODY = YES;
				CLANG_WARN_ENUM_CONVERSION = YES;
				CLANG_WARN_INFINITE_RECURSION = YES;
				CLANG_WARN_INT_CONVERSION = YES;
				CLANG_WARN_NON_LITERAL_NULL_CONVERSION = YES;
				CLANG_WARN_OBJC_IMPLICIT_RETAIN_SELF = YES;
				CLANG_WARN_OBJC_LITERAL_CONVERSION = YES;
				CLANG_WARN_OBJC_ROOT_CLASS = YES_ERROR;
				CLANG_WARN_RANGE_LOOP_ANALYSIS = YES;
				CLANG_WARN_STRICT_PROTOTYPES = YES;
				CLANG_WARN_SUSPICIOUS_MOVE = YES;
				CLANG_WARN_UNGUARDED_AVAILABILITY = YES_AGGRESSIVE;
				CLANG_WARN_UNREACHABLE_CODE = YES;
				CLANG_WARN__DUPLICATE_METHOD_MATCH = YES;
				COPY_PHASE_STRIP = NO;
				DEBUG_INFORMATION_FORMAT = "dwarf-with-dsym";
				ENABLE_NS_ASSERTIONS = NO;
				ENABLE_STRICT_OBJC_MSGSEND = YES;
				GCC_C_LANGUAGE_STANDARD = gnu11;
				GCC_NO_COMMON_BLOCKS = YES;
				GCC_WARN_64_TO_32_BIT_CONVERSION = YES;
				GCC_WARN_ABOUT_RETURN_TYPE = YES_ERROR;
				GCC_WARN_UNDECLARED_SELECTOR = YES;
				GCC_WARN_UNINITIALIZED_AUTOS = YES_AGGRESSIVE;
				GCC_WARN_UNUSED_FUNCTION = YES;
				GCC_WARN_UNUSED_VARIABLE = YES;
				IPHONEOS_DEPLOYMENT_TARGET = 13.1;
				MTL_ENABLE_DEBUG_INFO = NO;
				MTL_FAST_MATH = YES;
				SDKROOT = iphoneos;
				SWIFT_COMPILATION_MODE = wholemodule;
				SWIFT_OPTIMIZATION_LEVEL = "-O";
				VALIDATE_PRODUCT = YES;
			};
			name = Release;
		};
		3858D4EE23A5636300341EDD /* Debug */ = {
			isa = XCBuildConfiguration;
			buildSettings = {
				ASSETCATALOG_COMPILER_APPICON_NAME = AppIcon;
				CODE_SIGN_STYLE = Automatic;
				CURRENT_PROJECT_VERSION = 1;
				DEVELOPMENT_TEAM = WF28U42J85;
				INFOPLIST_FILE = WeatherApp/Info.plist;
				IPHONEOS_DEPLOYMENT_TARGET = 13.0;
				LD_RUNPATH_SEARCH_PATHS = (
					"$(inherited)",
					"@executable_path/Frameworks",
				);
				PRODUCT_BUNDLE_IDENTIFIER = com.DrEMartstud.WeatherApp;
				PRODUCT_NAME = "$(TARGET_NAME)";
				SWIFT_VERSION = 5.0;
				TARGETED_DEVICE_FAMILY = "1,2";
			};
			name = Debug;
		};
		3858D4EF23A5636300341EDD /* Release */ = {
			isa = XCBuildConfiguration;
			buildSettings = {
				ASSETCATALOG_COMPILER_APPICON_NAME = AppIcon;
				CODE_SIGN_STYLE = Automatic;
				CURRENT_PROJECT_VERSION = 1;
				DEVELOPMENT_TEAM = WF28U42J85;
				INFOPLIST_FILE = WeatherApp/Info.plist;
				IPHONEOS_DEPLOYMENT_TARGET = 13.0;
				LD_RUNPATH_SEARCH_PATHS = (
					"$(inherited)",
					"@executable_path/Frameworks",
				);
				PRODUCT_BUNDLE_IDENTIFIER = com.DrEMartstud.WeatherApp;
				PRODUCT_NAME = "$(TARGET_NAME)";
				SWIFT_VERSION = 5.0;
				TARGETED_DEVICE_FAMILY = "1,2";
			};
			name = Release;
		};
/* End XCBuildConfiguration section */

/* Begin XCConfigurationList section */
		3858D4D423A5636100341EDD /* Build configuration list for PBXProject "WeatherApp" */ = {
			isa = XCConfigurationList;
			buildConfigurations = (
				3858D4EB23A5636300341EDD /* Debug */,
				3858D4EC23A5636300341EDD /* Release */,
			);
			defaultConfigurationIsVisible = 0;
			defaultConfigurationName = Release;
		};
		3858D4ED23A5636300341EDD /* Build configuration list for PBXNativeTarget "WeatherApp" */ = {
			isa = XCConfigurationList;
			buildConfigurations = (
				3858D4EE23A5636300341EDD /* Debug */,
				3858D4EF23A5636300341EDD /* Release */,
			);
			defaultConfigurationIsVisible = 0;
			defaultConfigurationName = Release;
		};
/* End XCConfigurationList section */
	};
	rootObject = 3858D4D123A5636100341EDD /* Project object */;
}
